
Microsoft Visual Studio Solution File, Format Version 12.00
# Visual Studio Version 17
VisualStudioVersion = 17.9.34728.123
MinimumVisualStudioVersion = 10.0.40219.1
Project("{E24C65DC-7377-472B-9ABA-BC803B73C61A}") = "la_2024", ".", "{CD487FB1-4868-4939-8B44-1262E8AA6F4D}"
	ProjectSection(WebsiteProperties) = preProject
		TargetFrameworkMoniker = ".NETFramework,Version%3Dv4.8"
		Debug.AspNetCompiler.VirtualPath = "/localhost_51139"
		Debug.AspNetCompiler.PhysicalPath = "..\la_2024\"
		Debug.AspNetCompiler.TargetPath = "PrecompiledWeb\localhost_51139\"
		Debug.AspNetCompiler.Updateable = "true"
		Debug.AspNetCompiler.ForceOverwrite = "true"
		Debug.AspNetCompiler.FixedNames = "false"
		Debug.AspNetCompiler.Debug = "True"
		Release.AspNetCompiler.VirtualPath = "/localhost_51139"
		Release.AspNetCompiler.PhysicalPath = "..\la_2024\"
		Release.AspNetCompiler.TargetPath = "PrecompiledWeb\localhost_51139\"
		Release.AspNetCompiler.Updateable = "true"
		Release.AspNetCompiler.ForceOverwrite = "true"
		Release.AspNetCompiler.FixedNames = "false"
		Release.AspNetCompiler.Debug = "False"
		VWDPort = "51139"
	EndProjectSection
EndProject
Global
	GlobalSection(SolutionConfigurationPlatforms) = preSolution
		Debug|Any CPU = Debug|Any CPU
	EndGlobalSection
	GlobalSection(ProjectConfigurationPlatforms) = postSolution
		{CD487FB1-4868-4939-8B44-1262E8AA6F4D}.Debug|Any CPU.ActiveCfg = Debug|Any CPU
		{CD487FB1-4868-4939-8B44-1262E8AA6F4D}.Debug|Any CPU.Build.0 = Debug|Any CPU
	EndGlobalSection
	GlobalSection(SolutionProperties) = preSolution
		HideSolutionNode = FALSE
	EndGlobalSection
	GlobalSection(ExtensibilityGlobals) = postSolution
		SolutionGuid = {EA5C1737-528E-4D26-AF75-B519296A56B8}
	EndGlobalSection
EndGlobal
